
Microsoft Visual Studio Solution File, Format Version 12.00
# Visual Studio Version 16
VisualStudioVersion = 16.0.29519.87
MinimumVisualStudioVersion = 10.0.40219.1
Project("{2150E333-8FDC-42A3-9474-1A3956D46DE8}") = "ApiRestCore", "ApiRestCore", "{DD4A381A-FCF5-4D73-974C-1E13ED4F047F}"
EndProject
Project("{9A19103F-16F7-4668-BE54-9A1E7A4F7556}") = "Alura.WebAPI.DAL.Livros", "APIRestCore\Alura.WebAPI.DAL.Livros\Alura.WebAPI.DAL.Livros.csproj", "{AE8DCF27-7064-42D8-888B-7A3D10953E01}"
EndProject
Project("{9A19103F-16F7-4668-BE54-9A1E7A4F7556}") = "Alura.WebAPI.DAL.Usuarios", "APIRestCore\Alura.WebAPI.DAL.Usuarios\Alura.WebAPI.DAL.Usuarios.csproj", "{BE7291E0-6F90-40F5-9A43-A46307D0A7F5}"
EndProject
Project("{9A19103F-16F7-4668-BE54-9A1E7A4F7556}") = "Alura.WebAPI.Model", "APIRestCore\Alura.WebAPI.Model\Alura.WebAPI.Model.csproj", "{5AB1CC69-9A00-4EE2-AA50-BE3FA14CF0DE}"
EndProject
Project("{9A19103F-16F7-4668-BE54-9A1E7A4F7556}") = "Alura.WebAPI.Seguranca", "APIRestCore\Alura.WebAPI.Seguranca\Alura.WebAPI.Seguranca.csproj", "{A40629A5-B51E-488E-9ED5-AB193F79D391}"
EndProject
Project("{9A19103F-16F7-4668-BE54-9A1E7A4F7556}") = "Alura.WebAPI.WebApp", "APIRestCore\Alura.WebAPI.WebApp\Alura.WebAPI.WebApp.csproj", "{C07CFD0B-CA5D-4EF2-84FF-588375B261CC}"
EndProject
Project("{2150E333-8FDC-42A3-9474-1A3956D46DE8}") = "0-Common", "0-Common", "{079BF0CA-A536-4719-99AD-D583DC33792F}"
EndProject
Project("{2150E333-8FDC-42A3-9474-1A3956D46DE8}") = "2-Apps", "2-Apps", "{EF6EB015-AE37-41E1-83A7-B41B00C9F94D}"
EndProject
Project("{2150E333-8FDC-42A3-9474-1A3956D46DE8}") = "1-Services", "1-Services", "{44E1E425-7EC7-4BBC-8079-8486C1683E44}"
EndProject
Global
	GlobalSection(SolutionConfigurationPlatforms) = preSolution
		Debug|Any CPU = Debug|Any CPU
		Release|Any CPU = Release|Any CPU
	EndGlobalSection
	GlobalSection(ProjectConfigurationPlatforms) = postSolution
		{AE8DCF27-7064-42D8-888B-7A3D10953E01}.Debug|Any CPU.ActiveCfg = Debug|Any CPU
		{AE8DCF27-7064-42D8-888B-7A3D10953E01}.Debug|Any CPU.Build.0 = Debug|Any CPU
		{AE8DCF27-7064-42D8-888B-7A3D10953E01}.Release|Any CPU.ActiveCfg = Release|Any CPU
		{AE8DCF27-7064-42D8-888B-7A3D10953E01}.Release|Any CPU.Build.0 = Release|Any CPU
		{BE7291E0-6F90-40F5-9A43-A46307D0A7F5}.Debug|Any CPU.ActiveCfg = Debug|Any CPU
		{BE7291E0-6F90-40F5-9A43-A46307D0A7F5}.Debug|Any CPU.Build.0 = Debug|Any CPU
		{BE7291E0-6F90-40F5-9A43-A46307D0A7F5}.Release|Any CPU.ActiveCfg = Release|Any CPU
		{BE7291E0-6F90-40F5-9A43-A46307D0A7F5}.Release|Any CPU.Build.0 = Release|Any CPU
		{5AB1CC69-9A00-4EE2-AA50-BE3FA14CF0DE}.Debug|Any CPU.ActiveCfg = Debug|Any CPU
		{5AB1CC69-9A00-4EE2-AA50-BE3FA14CF0DE}.Debug|Any CPU.Build.0 = Debug|Any CPU
		{5AB1CC69-9A00-4EE2-AA50-BE3FA14CF0DE}.Release|Any CPU.ActiveCfg = Release|Any CPU
		{5AB1CC69-9A00-4EE2-AA50-BE3FA14CF0DE}.Release|Any CPU.Build.0 = Release|Any CPU
		{A40629A5-B51E-488E-9ED5-AB193F79D391}.Debug|Any CPU.ActiveCfg = Debug|Any CPU
		{A40629A5-B51E-488E-9ED5-AB193F79D391}.Debug|Any CPU.Build.0 = Debug|Any CPU
		{A40629A5-B51E-488E-9ED5-AB193F79D391}.Release|Any CPU.ActiveCfg = Release|Any CPU
		{A40629A5-B51E-488E-9ED5-AB193F79D391}.Release|Any CPU.Build.0 = Release|Any CPU
		{C07CFD0B-CA5D-4EF2-84FF-588375B261CC}.Debug|Any CPU.ActiveCfg = Debug|Any CPU
		{C07CFD0B-CA5D-4EF2-84FF-588375B261CC}.Debug|Any CPU.Build.0 = Debug|Any CPU
		{C07CFD0B-CA5D-4EF2-84FF-588375B261CC}.Release|Any CPU.ActiveCfg = Release|Any CPU
		{C07CFD0B-CA5D-4EF2-84FF-588375B261CC}.Release|Any CPU.Build.0 = Release|Any CPU
	EndGlobalSection
	GlobalSection(SolutionProperties) = preSolution
		HideSolutionNode = FALSE
	EndGlobalSection
	GlobalSection(NestedProjects) = preSolution
		{AE8DCF27-7064-42D8-888B-7A3D10953E01} = {079BF0CA-A536-4719-99AD-D583DC33792F}
		{BE7291E0-6F90-40F5-9A43-A46307D0A7F5} = {079BF0CA-A536-4719-99AD-D583DC33792F}
		{5AB1CC69-9A00-4EE2-AA50-BE3FA14CF0DE} = {079BF0CA-A536-4719-99AD-D583DC33792F}
		{A40629A5-B51E-488E-9ED5-AB193F79D391} = {079BF0CA-A536-4719-99AD-D583DC33792F}
		{C07CFD0B-CA5D-4EF2-84FF-588375B261CC} = {EF6EB015-AE37-41E1-83A7-B41B00C9F94D}
		{079BF0CA-A536-4719-99AD-D583DC33792F} = {DD4A381A-FCF5-4D73-974C-1E13ED4F047F}
		{EF6EB015-AE37-41E1-83A7-B41B00C9F94D} = {DD4A381A-FCF5-4D73-974C-1E13ED4F047F}
		{44E1E425-7EC7-4BBC-8079-8486C1683E44} = {DD4A381A-FCF5-4D73-974C-1E13ED4F047F}
	EndGlobalSection
	GlobalSection(ExtensibilityGlobals) = postSolution
		SolutionGuid = {2E3301E5-9F78-449E-B447-3222CF6CF682}
	EndGlobalSection
EndGlobal
