
Microsoft Visual Studio Solution File, Format Version 12.00
# Visual Studio Version 16
VisualStudioVersion = 16.0.29519.87
MinimumVisualStudioVersion = 10.0.40219.1
Project("{2150E333-8FDC-42A3-9474-1A3956D46DE8}") = "APIRestCoreParte3", "APIRestCoreParte3", "{FAB75438-83CE-424F-8155-49872414EC2C}"
EndProject
Project("{9A19103F-16F7-4668-BE54-9A1E7A4F7556}") = "Alura.WebAPI.Api", "APIRestCoreParte3\Alura.WebAPI.Api\Alura.WebAPI.Api.csproj", "{9275FBF4-4C25-440E-80FE-DA15713E4933}"
EndProject
Project("{9A19103F-16F7-4668-BE54-9A1E7A4F7556}") = "Alura.WebAPI.AuthProvider", "APIRestCoreParte3\Alura.WebAPI.AuthProvider\Alura.WebAPI.AuthProvider.csproj", "{46B09A40-D6F6-450E-ABD5-8AE2734ACAE3}"
EndProject
Project("{9A19103F-16F7-4668-BE54-9A1E7A4F7556}") = "Alura.WebAPI.ConsoleCliente", "APIRestCoreParte3\Alura.WebAPI.ConsoleCliente\Alura.WebAPI.ConsoleCliente.csproj", "{2CF8E005-384A-4437-8DAD-35EC51203B89}"
EndProject
Project("{9A19103F-16F7-4668-BE54-9A1E7A4F7556}") = "Alura.WebAPI.DAL.Livros", "APIRestCoreParte3\Alura.WebAPI.DAL.Livros\Alura.WebAPI.DAL.Livros.csproj", "{8291712A-F3EA-49DA-8397-8685E1E5D376}"
EndProject
Project("{9A19103F-16F7-4668-BE54-9A1E7A4F7556}") = "Alura.WebAPI.DAL.Usuarios", "APIRestCoreParte3\Alura.WebAPI.DAL.Usuarios\Alura.WebAPI.DAL.Usuarios.csproj", "{75D08074-AF4C-4221-8175-48087BB247CC}"
EndProject
Project("{9A19103F-16F7-4668-BE54-9A1E7A4F7556}") = "Alura.WebAPI.Model", "APIRestCoreParte3\Alura.WebAPI.Model\Alura.WebAPI.Model.csproj", "{AEEF5D68-F421-49D3-995A-0DDCB219523D}"
EndProject
Project("{9A19103F-16F7-4668-BE54-9A1E7A4F7556}") = "Alura.WebAPI.Seguranca", "APIRestCoreParte3\Alura.WebAPI.Seguranca\Alura.WebAPI.Seguranca.csproj", "{36985457-D91B-4F7B-89D6-A15D77FB4DED}"
EndProject
Project("{9A19103F-16F7-4668-BE54-9A1E7A4F7556}") = "Alura.WebAPI.WebApp", "APIRestCoreParte3\Alura.WebAPI.WebApp\Alura.WebAPI.WebApp.csproj", "{30796B2B-09B8-4FEB-85A1-7B8F54D84235}"
EndProject
Global
	GlobalSection(SolutionConfigurationPlatforms) = preSolution
		Debug|Any CPU = Debug|Any CPU
		Release|Any CPU = Release|Any CPU
	EndGlobalSection
	GlobalSection(ProjectConfigurationPlatforms) = postSolution
		{9275FBF4-4C25-440E-80FE-DA15713E4933}.Debug|Any CPU.ActiveCfg = Debug|Any CPU
		{9275FBF4-4C25-440E-80FE-DA15713E4933}.Debug|Any CPU.Build.0 = Debug|Any CPU
		{9275FBF4-4C25-440E-80FE-DA15713E4933}.Release|Any CPU.ActiveCfg = Release|Any CPU
		{9275FBF4-4C25-440E-80FE-DA15713E4933}.Release|Any CPU.Build.0 = Release|Any CPU
		{46B09A40-D6F6-450E-ABD5-8AE2734ACAE3}.Debug|Any CPU.ActiveCfg = Debug|Any CPU
		{46B09A40-D6F6-450E-ABD5-8AE2734ACAE3}.Debug|Any CPU.Build.0 = Debug|Any CPU
		{46B09A40-D6F6-450E-ABD5-8AE2734ACAE3}.Release|Any CPU.ActiveCfg = Release|Any CPU
		{46B09A40-D6F6-450E-ABD5-8AE2734ACAE3}.Release|Any CPU.Build.0 = Release|Any CPU
		{2CF8E005-384A-4437-8DAD-35EC51203B89}.Debug|Any CPU.ActiveCfg = Debug|Any CPU
		{2CF8E005-384A-4437-8DAD-35EC51203B89}.Debug|Any CPU.Build.0 = Debug|Any CPU
		{2CF8E005-384A-4437-8DAD-35EC51203B89}.Release|Any CPU.ActiveCfg = Release|Any CPU
		{2CF8E005-384A-4437-8DAD-35EC51203B89}.Release|Any CPU.Build.0 = Release|Any CPU
		{8291712A-F3EA-49DA-8397-8685E1E5D376}.Debug|Any CPU.ActiveCfg = Debug|Any CPU
		{8291712A-F3EA-49DA-8397-8685E1E5D376}.Debug|Any CPU.Build.0 = Debug|Any CPU
		{8291712A-F3EA-49DA-8397-8685E1E5D376}.Release|Any CPU.ActiveCfg = Release|Any CPU
		{8291712A-F3EA-49DA-8397-8685E1E5D376}.Release|Any CPU.Build.0 = Release|Any CPU
		{75D08074-AF4C-4221-8175-48087BB247CC}.Debug|Any CPU.ActiveCfg = Debug|Any CPU
		{75D08074-AF4C-4221-8175-48087BB247CC}.Debug|Any CPU.Build.0 = Debug|Any CPU
		{75D08074-AF4C-4221-8175-48087BB247CC}.Release|Any CPU.ActiveCfg = Release|Any CPU
		{75D08074-AF4C-4221-8175-48087BB247CC}.Release|Any CPU.Build.0 = Release|Any CPU
		{AEEF5D68-F421-49D3-995A-0DDCB219523D}.Debug|Any CPU.ActiveCfg = Debug|Any CPU
		{AEEF5D68-F421-49D3-995A-0DDCB219523D}.Debug|Any CPU.Build.0 = Debug|Any CPU
		{AEEF5D68-F421-49D3-995A-0DDCB219523D}.Release|Any CPU.ActiveCfg = Release|Any CPU
		{AEEF5D68-F421-49D3-995A-0DDCB219523D}.Release|Any CPU.Build.0 = Release|Any CPU
		{36985457-D91B-4F7B-89D6-A15D77FB4DED}.Debug|Any CPU.ActiveCfg = Debug|Any CPU
		{36985457-D91B-4F7B-89D6-A15D77FB4DED}.Debug|Any CPU.Build.0 = Debug|Any CPU
		{36985457-D91B-4F7B-89D6-A15D77FB4DED}.Release|Any CPU.ActiveCfg = Release|Any CPU
		{36985457-D91B-4F7B-89D6-A15D77FB4DED}.Release|Any CPU.Build.0 = Release|Any CPU
		{30796B2B-09B8-4FEB-85A1-7B8F54D84235}.Debug|Any CPU.ActiveCfg = Debug|Any CPU
		{30796B2B-09B8-4FEB-85A1-7B8F54D84235}.Debug|Any CPU.Build.0 = Debug|Any CPU
		{30796B2B-09B8-4FEB-85A1-7B8F54D84235}.Release|Any CPU.ActiveCfg = Release|Any CPU
		{30796B2B-09B8-4FEB-85A1-7B8F54D84235}.Release|Any CPU.Build.0 = Release|Any CPU
	EndGlobalSection
	GlobalSection(SolutionProperties) = preSolution
		HideSolutionNode = FALSE
	EndGlobalSection
	GlobalSection(NestedProjects) = preSolution
		{9275FBF4-4C25-440E-80FE-DA15713E4933} = {FAB75438-83CE-424F-8155-49872414EC2C}
		{46B09A40-D6F6-450E-ABD5-8AE2734ACAE3} = {FAB75438-83CE-424F-8155-49872414EC2C}
		{2CF8E005-384A-4437-8DAD-35EC51203B89} = {FAB75438-83CE-424F-8155-49872414EC2C}
		{8291712A-F3EA-49DA-8397-8685E1E5D376} = {FAB75438-83CE-424F-8155-49872414EC2C}
		{75D08074-AF4C-4221-8175-48087BB247CC} = {FAB75438-83CE-424F-8155-49872414EC2C}
		{AEEF5D68-F421-49D3-995A-0DDCB219523D} = {FAB75438-83CE-424F-8155-49872414EC2C}
		{36985457-D91B-4F7B-89D6-A15D77FB4DED} = {FAB75438-83CE-424F-8155-49872414EC2C}
		{30796B2B-09B8-4FEB-85A1-7B8F54D84235} = {FAB75438-83CE-424F-8155-49872414EC2C}
	EndGlobalSection
	GlobalSection(ExtensibilityGlobals) = postSolution
		SolutionGuid = {2E3301E5-9F78-449E-B447-3222CF6CF682}
	EndGlobalSection
EndGlobal
