
Microsoft Visual Studio Solution File, Format Version 12.00
# Visual Studio Version 16
VisualStudioVersion = 16.0.29519.87
MinimumVisualStudioVersion = 10.0.40219.1
Project("{2150E333-8FDC-42A3-9474-1A3956D46DE8}") = "APIRestCoreParte2", "APIRestCoreParte2", "{B3601AB3-8803-4E77-B1F6-690F5DE8ED42}"
EndProject
Project("{9A19103F-16F7-4668-BE54-9A1E7A4F7556}") = "Alura.WebAPI.Api", "APIRestCoreParte2\Alura.WebAPI.Api\Alura.WebAPI.Api.csproj", "{FD22C289-5CCD-46C8-94E4-8FB1EF2B249C}"
EndProject
Project("{9A19103F-16F7-4668-BE54-9A1E7A4F7556}") = "Alura.WebAPI.AuthProvider", "APIRestCoreParte2\Alura.WebAPI.AuthProvider\Alura.WebAPI.AuthProvider.csproj", "{AF023BD9-86FA-42D8-9343-416F359C0CD9}"
EndProject
Project("{9A19103F-16F7-4668-BE54-9A1E7A4F7556}") = "Alura.WebAPI.DAL.Livros", "APIRestCoreParte2\Alura.WebAPI.DAL.Livros\Alura.WebAPI.DAL.Livros.csproj", "{DA5988CB-2143-41C2-8A66-F6E2148EA3D5}"
EndProject
Project("{9A19103F-16F7-4668-BE54-9A1E7A4F7556}") = "Alura.WebAPI.DAL.Usuarios", "APIRestCoreParte2\Alura.WebAPI.DAL.Usuarios\Alura.WebAPI.DAL.Usuarios.csproj", "{8F46E855-4565-4C09-B967-E4FB67779537}"
EndProject
Project("{9A19103F-16F7-4668-BE54-9A1E7A4F7556}") = "Alura.WebAPI.Model", "APIRestCoreParte2\Alura.WebAPI.Model\Alura.WebAPI.Model.csproj", "{B9F5B11C-8CBC-4787-B244-8472356E3C7C}"
EndProject
Project("{9A19103F-16F7-4668-BE54-9A1E7A4F7556}") = "Alura.WebAPI.Seguranca", "APIRestCoreParte2\Alura.WebAPI.Seguranca\Alura.WebAPI.Seguranca.csproj", "{8D642BAE-66D5-48BE-A018-AD8E83E5C5E3}"
EndProject
Project("{9A19103F-16F7-4668-BE54-9A1E7A4F7556}") = "Alura.WebAPI.WebApp", "APIRestCoreParte2\Alura.WebAPI.WebApp\Alura.WebAPI.WebApp.csproj", "{AE31F2B2-7673-4FC2-B52A-B8D10A3238E0}"
EndProject
Global
	GlobalSection(SolutionConfigurationPlatforms) = preSolution
		Debug|Any CPU = Debug|Any CPU
		Release|Any CPU = Release|Any CPU
	EndGlobalSection
	GlobalSection(ProjectConfigurationPlatforms) = postSolution
		{FD22C289-5CCD-46C8-94E4-8FB1EF2B249C}.Debug|Any CPU.ActiveCfg = Debug|Any CPU
		{FD22C289-5CCD-46C8-94E4-8FB1EF2B249C}.Debug|Any CPU.Build.0 = Debug|Any CPU
		{FD22C289-5CCD-46C8-94E4-8FB1EF2B249C}.Release|Any CPU.ActiveCfg = Release|Any CPU
		{FD22C289-5CCD-46C8-94E4-8FB1EF2B249C}.Release|Any CPU.Build.0 = Release|Any CPU
		{AF023BD9-86FA-42D8-9343-416F359C0CD9}.Debug|Any CPU.ActiveCfg = Debug|Any CPU
		{AF023BD9-86FA-42D8-9343-416F359C0CD9}.Debug|Any CPU.Build.0 = Debug|Any CPU
		{AF023BD9-86FA-42D8-9343-416F359C0CD9}.Release|Any CPU.ActiveCfg = Release|Any CPU
		{AF023BD9-86FA-42D8-9343-416F359C0CD9}.Release|Any CPU.Build.0 = Release|Any CPU
		{DA5988CB-2143-41C2-8A66-F6E2148EA3D5}.Debug|Any CPU.ActiveCfg = Debug|Any CPU
		{DA5988CB-2143-41C2-8A66-F6E2148EA3D5}.Debug|Any CPU.Build.0 = Debug|Any CPU
		{DA5988CB-2143-41C2-8A66-F6E2148EA3D5}.Release|Any CPU.ActiveCfg = Release|Any CPU
		{DA5988CB-2143-41C2-8A66-F6E2148EA3D5}.Release|Any CPU.Build.0 = Release|Any CPU
		{8F46E855-4565-4C09-B967-E4FB67779537}.Debug|Any CPU.ActiveCfg = Debug|Any CPU
		{8F46E855-4565-4C09-B967-E4FB67779537}.Debug|Any CPU.Build.0 = Debug|Any CPU
		{8F46E855-4565-4C09-B967-E4FB67779537}.Release|Any CPU.ActiveCfg = Release|Any CPU
		{8F46E855-4565-4C09-B967-E4FB67779537}.Release|Any CPU.Build.0 = Release|Any CPU
		{B9F5B11C-8CBC-4787-B244-8472356E3C7C}.Debug|Any CPU.ActiveCfg = Debug|Any CPU
		{B9F5B11C-8CBC-4787-B244-8472356E3C7C}.Debug|Any CPU.Build.0 = Debug|Any CPU
		{B9F5B11C-8CBC-4787-B244-8472356E3C7C}.Release|Any CPU.ActiveCfg = Release|Any CPU
		{B9F5B11C-8CBC-4787-B244-8472356E3C7C}.Release|Any CPU.Build.0 = Release|Any CPU
		{8D642BAE-66D5-48BE-A018-AD8E83E5C5E3}.Debug|Any CPU.ActiveCfg = Debug|Any CPU
		{8D642BAE-66D5-48BE-A018-AD8E83E5C5E3}.Debug|Any CPU.Build.0 = Debug|Any CPU
		{8D642BAE-66D5-48BE-A018-AD8E83E5C5E3}.Release|Any CPU.ActiveCfg = Release|Any CPU
		{8D642BAE-66D5-48BE-A018-AD8E83E5C5E3}.Release|Any CPU.Build.0 = Release|Any CPU
		{AE31F2B2-7673-4FC2-B52A-B8D10A3238E0}.Debug|Any CPU.ActiveCfg = Debug|Any CPU
		{AE31F2B2-7673-4FC2-B52A-B8D10A3238E0}.Debug|Any CPU.Build.0 = Debug|Any CPU
		{AE31F2B2-7673-4FC2-B52A-B8D10A3238E0}.Release|Any CPU.ActiveCfg = Release|Any CPU
		{AE31F2B2-7673-4FC2-B52A-B8D10A3238E0}.Release|Any CPU.Build.0 = Release|Any CPU
	EndGlobalSection
	GlobalSection(SolutionProperties) = preSolution
		HideSolutionNode = FALSE
	EndGlobalSection
	GlobalSection(NestedProjects) = preSolution
		{FD22C289-5CCD-46C8-94E4-8FB1EF2B249C} = {B3601AB3-8803-4E77-B1F6-690F5DE8ED42}
		{AF023BD9-86FA-42D8-9343-416F359C0CD9} = {B3601AB3-8803-4E77-B1F6-690F5DE8ED42}
		{DA5988CB-2143-41C2-8A66-F6E2148EA3D5} = {B3601AB3-8803-4E77-B1F6-690F5DE8ED42}
		{8F46E855-4565-4C09-B967-E4FB67779537} = {B3601AB3-8803-4E77-B1F6-690F5DE8ED42}
		{B9F5B11C-8CBC-4787-B244-8472356E3C7C} = {B3601AB3-8803-4E77-B1F6-690F5DE8ED42}
		{8D642BAE-66D5-48BE-A018-AD8E83E5C5E3} = {B3601AB3-8803-4E77-B1F6-690F5DE8ED42}
		{AE31F2B2-7673-4FC2-B52A-B8D10A3238E0} = {B3601AB3-8803-4E77-B1F6-690F5DE8ED42}
	EndGlobalSection
	GlobalSection(ExtensibilityGlobals) = postSolution
		SolutionGuid = {2E3301E5-9F78-449E-B447-3222CF6CF682}
	EndGlobalSection
EndGlobal
